<?xml version="1.0" encoding="UTF-8" standalone="yes" ?>
<CodeBlocks_project_file>
	<FileVersion major="1" minor="6" />
	<Project>
		<Option title="dominion" />
		<Option pch_mode="2" />
		<Option compiler="gcc" />
		<Build>
			<Target title="Debug">
				<Option output="bin/Debug/dominion" prefix_auto="1" extension_auto="1" />
				<Option object_output="obj/Debug/" />
				<Option type="1" />
				<Option compiler="gcc" />
				<Compiler>
					<Add option="-g" />
				</Compiler>
			</Target>
			<Target title="Release">
				<Option output="bin/Release/dominion" prefix_auto="1" extension_auto="1" />
				<Option object_output="obj/Release/" />
				<Option type="1" />
				<Option compiler="gcc" />
				<Compiler>
					<Add option="-O2" />
				</Compiler>
				<Linker>
					<Add option="-s" />
				</Linker>
			</Target>
		</Build>
		<Compiler>
			<Add option="-Wall" />
			<Add option="-fexceptions" />
		</Compiler>
		<Unit filename="karty/akce.cpp" />
		<Unit filename="karty/akce.h" />
		<Unit filename="karty/body.cpp" />
		<Unit filename="karty/body.h" />
		<Unit filename="karty/karta.cpp" />
		<Unit filename="karty/karta.h" />
		<Unit filename="karty/medak.cpp" />
		<Unit filename="karty/medak.h" />
		<Unit filename="karty/penize.cpp" />
		<Unit filename="karty/penize.h" />
		<Unit filename="karty/provincie.cpp" />
		<Unit filename="karty/provincie.h" />
		<Unit filename="karty/slechtici.cpp" />
		<Unit filename="karty/slechtici.h" />
		<Unit filename="main.cpp" />
		<Extensions>
			<code_completion />
			<envvars />
			<debugger />
			<lib_finder disable_auto="1" />
		</Extensions>
	</Project>
</CodeBlocks_project_file>
